
Microsoft Visual Studio Solution File, Format Version 12.00
Project("{2150E333-8FDC-42A3-9474-1A3956D46DE8}") = "src", "src", "{7C4F4BBF-2BB7-4C11-B990-0D88460563F2}"
EndProject
Project("{FAE04EC0-301F-11D3-BF4B-00C04F79EFBC}") = "discipline.application", "src\discipline.application\discipline.application.csproj", "{4F722603-85E6-4ECE-AC31-61F7F4D8E4BD}"
EndProject
Project("{2150E333-8FDC-42A3-9474-1A3956D46DE8}") = "tests", "tests", "{38B7E47F-F007-4A05-A312-038E403A5CBD}"
EndProject
Project("{FAE04EC0-301F-11D3-BF4B-00C04F79EFBC}") = "discipline.application.unit-tests", "tests\discipline.application.unit-tests\discipline.application.unit-tests.csproj", "{9E9E0A03-C173-42E2-B5ED-9AACC31DEEB6}"
EndProject
Project("{FAE04EC0-301F-11D3-BF4B-00C04F79EFBC}") = "discipline.api", "src\discipline.api\discipline.api.csproj", "{F6B59A09-9EC3-40E1-BF39-5FF12C3E7EBA}"
EndProject
Project("{FAE04EC0-301F-11D3-BF4B-00C04F79EFBC}") = "discipline.api.integration-tests", "tests\discipline.api.integration-tests\discipline.api.integration-tests.csproj", "{AB581722-0CD4-44A9-9174-D01F765AA02B}"
EndProject
Project("{FAE04EC0-301F-11D3-BF4B-00C04F79EFBC}") = "discipline.tests.shared", "tests\discipline.tests.shared\discipline.tests.shared.csproj", "{8E72E6C5-8636-40D0-AB3C-2E8CF5A94971}"
EndProject
Project("{FAE04EC0-301F-11D3-BF4B-00C04F79EFBC}") = "discipline.domain", "src\discipline.domain\discipline.domain.csproj", "{2B8902FB-A378-4358-9113-644E1F85CC54}"
EndProject
Project("{FAE04EC0-301F-11D3-BF4B-00C04F79EFBC}") = "discipline.domain.unit-tests", "tests\discipline.domain.unit-tests\discipline.domain.unit-tests.csproj", "{5053AFCB-42E8-4A5D-B7EE-76140863DEF5}"
EndProject
Global
	GlobalSection(SolutionConfigurationPlatforms) = preSolution
		Debug|Any CPU = Debug|Any CPU
		Release|Any CPU = Release|Any CPU
	EndGlobalSection
	GlobalSection(NestedProjects) = preSolution
		{4F722603-85E6-4ECE-AC31-61F7F4D8E4BD} = {7C4F4BBF-2BB7-4C11-B990-0D88460563F2}
		{9E9E0A03-C173-42E2-B5ED-9AACC31DEEB6} = {38B7E47F-F007-4A05-A312-038E403A5CBD}
		{F6B59A09-9EC3-40E1-BF39-5FF12C3E7EBA} = {7C4F4BBF-2BB7-4C11-B990-0D88460563F2}
		{AB581722-0CD4-44A9-9174-D01F765AA02B} = {38B7E47F-F007-4A05-A312-038E403A5CBD}
		{8E72E6C5-8636-40D0-AB3C-2E8CF5A94971} = {38B7E47F-F007-4A05-A312-038E403A5CBD}
		{2B8902FB-A378-4358-9113-644E1F85CC54} = {7C4F4BBF-2BB7-4C11-B990-0D88460563F2}
		{5053AFCB-42E8-4A5D-B7EE-76140863DEF5} = {38B7E47F-F007-4A05-A312-038E403A5CBD}
	EndGlobalSection
	GlobalSection(ProjectConfigurationPlatforms) = postSolution
		{4F722603-85E6-4ECE-AC31-61F7F4D8E4BD}.Debug|Any CPU.ActiveCfg = Debug|Any CPU
		{4F722603-85E6-4ECE-AC31-61F7F4D8E4BD}.Debug|Any CPU.Build.0 = Debug|Any CPU
		{4F722603-85E6-4ECE-AC31-61F7F4D8E4BD}.Release|Any CPU.ActiveCfg = Release|Any CPU
		{4F722603-85E6-4ECE-AC31-61F7F4D8E4BD}.Release|Any CPU.Build.0 = Release|Any CPU
		{9E9E0A03-C173-42E2-B5ED-9AACC31DEEB6}.Debug|Any CPU.ActiveCfg = Debug|Any CPU
		{9E9E0A03-C173-42E2-B5ED-9AACC31DEEB6}.Debug|Any CPU.Build.0 = Debug|Any CPU
		{9E9E0A03-C173-42E2-B5ED-9AACC31DEEB6}.Release|Any CPU.ActiveCfg = Release|Any CPU
		{9E9E0A03-C173-42E2-B5ED-9AACC31DEEB6}.Release|Any CPU.Build.0 = Release|Any CPU
		{F6B59A09-9EC3-40E1-BF39-5FF12C3E7EBA}.Debug|Any CPU.ActiveCfg = Debug|Any CPU
		{F6B59A09-9EC3-40E1-BF39-5FF12C3E7EBA}.Debug|Any CPU.Build.0 = Debug|Any CPU
		{F6B59A09-9EC3-40E1-BF39-5FF12C3E7EBA}.Release|Any CPU.ActiveCfg = Release|Any CPU
		{F6B59A09-9EC3-40E1-BF39-5FF12C3E7EBA}.Release|Any CPU.Build.0 = Release|Any CPU
		{AB581722-0CD4-44A9-9174-D01F765AA02B}.Debug|Any CPU.ActiveCfg = Debug|Any CPU
		{AB581722-0CD4-44A9-9174-D01F765AA02B}.Debug|Any CPU.Build.0 = Debug|Any CPU
		{AB581722-0CD4-44A9-9174-D01F765AA02B}.Release|Any CPU.ActiveCfg = Release|Any CPU
		{AB581722-0CD4-44A9-9174-D01F765AA02B}.Release|Any CPU.Build.0 = Release|Any CPU
		{8E72E6C5-8636-40D0-AB3C-2E8CF5A94971}.Debug|Any CPU.ActiveCfg = Debug|Any CPU
		{8E72E6C5-8636-40D0-AB3C-2E8CF5A94971}.Debug|Any CPU.Build.0 = Debug|Any CPU
		{8E72E6C5-8636-40D0-AB3C-2E8CF5A94971}.Release|Any CPU.ActiveCfg = Release|Any CPU
		{8E72E6C5-8636-40D0-AB3C-2E8CF5A94971}.Release|Any CPU.Build.0 = Release|Any CPU
		{2B8902FB-A378-4358-9113-644E1F85CC54}.Debug|Any CPU.ActiveCfg = Debug|Any CPU
		{2B8902FB-A378-4358-9113-644E1F85CC54}.Debug|Any CPU.Build.0 = Debug|Any CPU
		{2B8902FB-A378-4358-9113-644E1F85CC54}.Release|Any CPU.ActiveCfg = Release|Any CPU
		{2B8902FB-A378-4358-9113-644E1F85CC54}.Release|Any CPU.Build.0 = Release|Any CPU
		{5053AFCB-42E8-4A5D-B7EE-76140863DEF5}.Debug|Any CPU.ActiveCfg = Debug|Any CPU
		{5053AFCB-42E8-4A5D-B7EE-76140863DEF5}.Debug|Any CPU.Build.0 = Debug|Any CPU
		{5053AFCB-42E8-4A5D-B7EE-76140863DEF5}.Release|Any CPU.ActiveCfg = Release|Any CPU
		{5053AFCB-42E8-4A5D-B7EE-76140863DEF5}.Release|Any CPU.Build.0 = Release|Any CPU
	EndGlobalSection
EndGlobal
